
Microsoft Visual Studio Solution File, Format Version 12.00
# Visual Studio Version 17
VisualStudioVersion = 17.6.33829.357
MinimumVisualStudioVersion = 10.0.40219.1
Project("{9A19103F-16F7-4668-BE54-9A1E7A4F7556}") = "InvoicingSystemBlazor", "InvoicingSystemBlazor\InvoicingSystemBlazor.csproj", "{2E42B224-A867-41ED-86B1-B792C0E2A190}"
EndProject
Global
	GlobalSection(SolutionConfigurationPlatforms) = preSolution
		Debug|Any CPU = Debug|Any CPU
		Release|Any CPU = Release|Any CPU
	EndGlobalSection
	GlobalSection(ProjectConfigurationPlatforms) = postSolution
		{2E42B224-A867-41ED-86B1-B792C0E2A190}.Debug|Any CPU.ActiveCfg = Debug|Any CPU
		{2E42B224-A867-41ED-86B1-B792C0E2A190}.Debug|Any CPU.Build.0 = Debug|Any CPU
		{2E42B224-A867-41ED-86B1-B792C0E2A190}.Release|Any CPU.ActiveCfg = Release|Any CPU
		{2E42B224-A867-41ED-86B1-B792C0E2A190}.Release|Any CPU.Build.0 = Release|Any CPU
	EndGlobalSection
	GlobalSection(SolutionProperties) = preSolution
		HideSolutionNode = FALSE
	EndGlobalSection
	GlobalSection(ExtensibilityGlobals) = postSolution
		SolutionGuid = {32E9B576-D71F-43B4-9235-88EF9E79B32F}
	EndGlobalSection
EndGlobal
